
Microsoft Visual Studio Solution File, Format Version 12.00
# Visual Studio 14
VisualStudioVersion = 14.0.25420.1
MinimumVisualStudioVersion = 10.0.40219.1
Project("{2150E333-8FDC-42A3-9474-1A3956D46DE8}") = "test", "test", "{32F031EB-53BE-4E6F-A909-82F09B392FBA}"
EndProject
Project("{2150E333-8FDC-42A3-9474-1A3956D46DE8}") = "src", "src", "{B5C485F0-CA40-4A37-82CE-C6A7F7E895DF}"
EndProject
Project("{8BB2217D-0F2D-49D1-97BC-3654ED321F3B}") = "SolrExpress.Solr4", "src\SolrExpress.Solr4\SolrExpress.Solr4.xproj", "{65A451B2-14C5-489B-B26B-7AB5CD1D24E0}"
EndProject
Project("{8BB2217D-0F2D-49D1-97BC-3654ED321F3B}") = "SolrExpress.Solr5", "src\SolrExpress.Solr5\SolrExpress.Solr5.xproj", "{F548730D-927D-4D59-AA95-1FC1D52F5040}"
EndProject
Project("{2150E333-8FDC-42A3-9474-1A3956D46DE8}") = "Solution Items", "Solution Items", "{18BA4609-5C3C-48B5-BE77-F8B316014E74}"
	ProjectSection(SolutionItems) = preProject
		global.json = global.json
		NuGet.config = NuGet.config
		README.md = README.md
	EndProjectSection
EndProject
Project("{2150E333-8FDC-42A3-9474-1A3956D46DE8}") = "benchmarks", "benchmarks", "{0A60AC6A-BBA5-4D35-B85C-92B36513C72B}"
EndProject
Project("{2150E333-8FDC-42A3-9474-1A3956D46DE8}") = "docs", "docs", "{622830E6-DFA3-41A7-8D6C-68EA4254E7E4}"
EndProject
Project("{2150E333-8FDC-42A3-9474-1A3956D46DE8}") = "example", "example", "{97836803-3E29-4119-ACE3-57B3D068214F}"
EndProject
Project("{2150E333-8FDC-42A3-9474-1A3956D46DE8}") = "about", "about", "{D5B8D271-B71A-4F85-973B-F50CDAEA6662}"
	ProjectSection(SolutionItems) = preProject
		docs\about\release-notes.md = docs\about\release-notes.md
	EndProjectSection
EndProject
Project("{2150E333-8FDC-42A3-9474-1A3956D46DE8}") = "tutorials", "tutorials", "{0E6FFAE4-0304-4453-A61D-52D24802E0CF}"
	ProjectSection(SolutionItems) = preProject
		docs\tutorials\migration-from-version4-to-version5.md = docs\tutorials\migration-from-version4-to-version5.md
		docs\tutorials\use-cases.md = docs\tutorials\use-cases.md
	EndProjectSection
EndProject
Project("{8BB2217D-0F2D-49D1-97BC-3654ED321F3B}") = "SolrExpress", "src\SolrExpress\SolrExpress.xproj", "{7A7E3ED4-DA8A-4D63-92D1-AB1B03B5C4FB}"
EndProject
Project("{8BB2217D-0F2D-49D1-97BC-3654ED321F3B}") = "SolrExpress.DI.CoreClr", "src\SolrExpress.DI.CoreClr\SolrExpress.DI.CoreClr.xproj", "{A34B0A6E-A958-459B-9CFB-EE6310D78F56}"
EndProject
Project("{8BB2217D-0F2D-49D1-97BC-3654ED321F3B}") = "SolrExpress.DI.SimpleInjector", "src\SolrExpress.DI.SimpleInjector\SolrExpress.DI.SimpleInjector.xproj", "{10B006AF-C700-472E-ABF9-26CB69DFBB47}"
EndProject
Project("{8BB2217D-0F2D-49D1-97BC-3654ED321F3B}") = "SimpleUse.SingleContext", "example\SimpleUse.SingleContext\SimpleUse.SingleContext.xproj", "{D0078A76-907E-490F-A38D-779AFEB94860}"
EndProject
Project("{8BB2217D-0F2D-49D1-97BC-3654ED321F3B}") = "SolrExpress.UnitTests", "test\SolrExpress.UnitTests\SolrExpress.UnitTests.xproj", "{9E18F426-EB06-4F12-BE8A-C5940F5B3680}"
EndProject
Project("{8BB2217D-0F2D-49D1-97BC-3654ED321F3B}") = "SimpleUse.Net46WithSimpleInjector", "example\SimpleUse.Net46WithSimpleInjector\SimpleUse.Net46WithSimpleInjector.xproj", "{A49E5D94-8929-4134-837B-443B89698229}"
EndProject
Project("{8BB2217D-0F2D-49D1-97BC-3654ED321F3B}") = "SolrExpress.Solr5.UnitTests", "test\SolrExpress.Solr5.UnitTests\SolrExpress.Solr5.UnitTests.xproj", "{11062870-0B49-445F-8BCD-89D315E888F7}"
EndProject
Global
	GlobalSection(SolutionConfigurationPlatforms) = preSolution
		Debug|Any CPU = Debug|Any CPU
		Release|Any CPU = Release|Any CPU
	EndGlobalSection
	GlobalSection(ProjectConfigurationPlatforms) = postSolution
		{65A451B2-14C5-489B-B26B-7AB5CD1D24E0}.Debug|Any CPU.ActiveCfg = Debug|Any CPU
		{65A451B2-14C5-489B-B26B-7AB5CD1D24E0}.Debug|Any CPU.Build.0 = Debug|Any CPU
		{65A451B2-14C5-489B-B26B-7AB5CD1D24E0}.Release|Any CPU.ActiveCfg = Release|Any CPU
		{65A451B2-14C5-489B-B26B-7AB5CD1D24E0}.Release|Any CPU.Build.0 = Release|Any CPU
		{F548730D-927D-4D59-AA95-1FC1D52F5040}.Debug|Any CPU.ActiveCfg = Debug|Any CPU
		{F548730D-927D-4D59-AA95-1FC1D52F5040}.Debug|Any CPU.Build.0 = Debug|Any CPU
		{F548730D-927D-4D59-AA95-1FC1D52F5040}.Release|Any CPU.ActiveCfg = Release|Any CPU
		{F548730D-927D-4D59-AA95-1FC1D52F5040}.Release|Any CPU.Build.0 = Release|Any CPU
		{7A7E3ED4-DA8A-4D63-92D1-AB1B03B5C4FB}.Debug|Any CPU.ActiveCfg = Debug|Any CPU
		{7A7E3ED4-DA8A-4D63-92D1-AB1B03B5C4FB}.Debug|Any CPU.Build.0 = Debug|Any CPU
		{7A7E3ED4-DA8A-4D63-92D1-AB1B03B5C4FB}.Release|Any CPU.ActiveCfg = Release|Any CPU
		{7A7E3ED4-DA8A-4D63-92D1-AB1B03B5C4FB}.Release|Any CPU.Build.0 = Release|Any CPU
		{A34B0A6E-A958-459B-9CFB-EE6310D78F56}.Debug|Any CPU.ActiveCfg = Debug|Any CPU
		{A34B0A6E-A958-459B-9CFB-EE6310D78F56}.Debug|Any CPU.Build.0 = Debug|Any CPU
		{A34B0A6E-A958-459B-9CFB-EE6310D78F56}.Release|Any CPU.ActiveCfg = Release|Any CPU
		{A34B0A6E-A958-459B-9CFB-EE6310D78F56}.Release|Any CPU.Build.0 = Release|Any CPU
		{10B006AF-C700-472E-ABF9-26CB69DFBB47}.Debug|Any CPU.ActiveCfg = Debug|Any CPU
		{10B006AF-C700-472E-ABF9-26CB69DFBB47}.Debug|Any CPU.Build.0 = Debug|Any CPU
		{10B006AF-C700-472E-ABF9-26CB69DFBB47}.Release|Any CPU.ActiveCfg = Release|Any CPU
		{10B006AF-C700-472E-ABF9-26CB69DFBB47}.Release|Any CPU.Build.0 = Release|Any CPU
		{D0078A76-907E-490F-A38D-779AFEB94860}.Debug|Any CPU.ActiveCfg = Debug|Any CPU
		{D0078A76-907E-490F-A38D-779AFEB94860}.Debug|Any CPU.Build.0 = Debug|Any CPU
		{D0078A76-907E-490F-A38D-779AFEB94860}.Release|Any CPU.ActiveCfg = Release|Any CPU
		{D0078A76-907E-490F-A38D-779AFEB94860}.Release|Any CPU.Build.0 = Release|Any CPU
		{9E18F426-EB06-4F12-BE8A-C5940F5B3680}.Debug|Any CPU.ActiveCfg = Debug|Any CPU
		{9E18F426-EB06-4F12-BE8A-C5940F5B3680}.Debug|Any CPU.Build.0 = Debug|Any CPU
		{9E18F426-EB06-4F12-BE8A-C5940F5B3680}.Release|Any CPU.ActiveCfg = Release|Any CPU
		{9E18F426-EB06-4F12-BE8A-C5940F5B3680}.Release|Any CPU.Build.0 = Release|Any CPU
		{A49E5D94-8929-4134-837B-443B89698229}.Debug|Any CPU.ActiveCfg = Debug|Any CPU
		{A49E5D94-8929-4134-837B-443B89698229}.Debug|Any CPU.Build.0 = Debug|Any CPU
		{A49E5D94-8929-4134-837B-443B89698229}.Release|Any CPU.ActiveCfg = Release|Any CPU
		{A49E5D94-8929-4134-837B-443B89698229}.Release|Any CPU.Build.0 = Release|Any CPU
		{11062870-0B49-445F-8BCD-89D315E888F7}.Debug|Any CPU.ActiveCfg = Debug|Any CPU
		{11062870-0B49-445F-8BCD-89D315E888F7}.Debug|Any CPU.Build.0 = Debug|Any CPU
		{11062870-0B49-445F-8BCD-89D315E888F7}.Release|Any CPU.ActiveCfg = Release|Any CPU
		{11062870-0B49-445F-8BCD-89D315E888F7}.Release|Any CPU.Build.0 = Release|Any CPU
	EndGlobalSection
	GlobalSection(SolutionProperties) = preSolution
		HideSolutionNode = FALSE
	EndGlobalSection
	GlobalSection(NestedProjects) = preSolution
		{65A451B2-14C5-489B-B26B-7AB5CD1D24E0} = {B5C485F0-CA40-4A37-82CE-C6A7F7E895DF}
		{F548730D-927D-4D59-AA95-1FC1D52F5040} = {B5C485F0-CA40-4A37-82CE-C6A7F7E895DF}
		{D5B8D271-B71A-4F85-973B-F50CDAEA6662} = {622830E6-DFA3-41A7-8D6C-68EA4254E7E4}
		{0E6FFAE4-0304-4453-A61D-52D24802E0CF} = {622830E6-DFA3-41A7-8D6C-68EA4254E7E4}
		{7A7E3ED4-DA8A-4D63-92D1-AB1B03B5C4FB} = {B5C485F0-CA40-4A37-82CE-C6A7F7E895DF}
		{A34B0A6E-A958-459B-9CFB-EE6310D78F56} = {B5C485F0-CA40-4A37-82CE-C6A7F7E895DF}
		{10B006AF-C700-472E-ABF9-26CB69DFBB47} = {B5C485F0-CA40-4A37-82CE-C6A7F7E895DF}
		{D0078A76-907E-490F-A38D-779AFEB94860} = {97836803-3E29-4119-ACE3-57B3D068214F}
		{9E18F426-EB06-4F12-BE8A-C5940F5B3680} = {32F031EB-53BE-4E6F-A909-82F09B392FBA}
		{A49E5D94-8929-4134-837B-443B89698229} = {97836803-3E29-4119-ACE3-57B3D068214F}
		{11062870-0B49-445F-8BCD-89D315E888F7} = {32F031EB-53BE-4E6F-A909-82F09B392FBA}
	EndGlobalSection
EndGlobal
