
Microsoft Visual Studio Solution File, Format Version 12.00
# Visual Studio 2013
VisualStudioVersion = 12.0.31101.0
MinimumVisualStudioVersion = 10.0.40219.1
Project("{FAE04EC0-301F-11D3-BF4B-00C04F79EFBC}") = "SolrExpress.Core", "..\SolrExpress.Core\SolrExpress.Core.csproj", "{5BE2CF22-C52A-4518-B3C6-C7C6A25E63A5}"
EndProject
Project("{FAE04EC0-301F-11D3-BF4B-00C04F79EFBC}") = "SolrExpress.Solr5", "..\SolrExpress.Solr5\SolrExpress.Solr5.csproj", "{3B679214-5E64-44CE-9188-D692F2371709}"
EndProject
Project("{FAE04EC0-301F-11D3-BF4B-00C04F79EFBC}") = "BasicUse", "BasicUse\BasicUse.csproj", "{A72F968D-EAE0-4DCA-BC4A-141587063D05}"
EndProject
Global
	GlobalSection(SolutionConfigurationPlatforms) = preSolution
		Debug|Any CPU = Debug|Any CPU
		Release|Any CPU = Release|Any CPU
	EndGlobalSection
	GlobalSection(ProjectConfigurationPlatforms) = postSolution
		{5BE2CF22-C52A-4518-B3C6-C7C6A25E63A5}.Debug|Any CPU.ActiveCfg = Debug|Any CPU
		{5BE2CF22-C52A-4518-B3C6-C7C6A25E63A5}.Debug|Any CPU.Build.0 = Debug|Any CPU
		{5BE2CF22-C52A-4518-B3C6-C7C6A25E63A5}.Release|Any CPU.ActiveCfg = Release|Any CPU
		{5BE2CF22-C52A-4518-B3C6-C7C6A25E63A5}.Release|Any CPU.Build.0 = Release|Any CPU
		{3B679214-5E64-44CE-9188-D692F2371709}.Debug|Any CPU.ActiveCfg = Debug|Any CPU
		{3B679214-5E64-44CE-9188-D692F2371709}.Debug|Any CPU.Build.0 = Debug|Any CPU
		{3B679214-5E64-44CE-9188-D692F2371709}.Release|Any CPU.ActiveCfg = Release|Any CPU
		{3B679214-5E64-44CE-9188-D692F2371709}.Release|Any CPU.Build.0 = Release|Any CPU
		{A72F968D-EAE0-4DCA-BC4A-141587063D05}.Debug|Any CPU.ActiveCfg = Debug|Any CPU
		{A72F968D-EAE0-4DCA-BC4A-141587063D05}.Debug|Any CPU.Build.0 = Debug|Any CPU
		{A72F968D-EAE0-4DCA-BC4A-141587063D05}.Release|Any CPU.ActiveCfg = Release|Any CPU
		{A72F968D-EAE0-4DCA-BC4A-141587063D05}.Release|Any CPU.Build.0 = Release|Any CPU
	EndGlobalSection
	GlobalSection(SolutionProperties) = preSolution
		HideSolutionNode = FALSE
	EndGlobalSection
EndGlobal
